
Microsoft Visual Studio Solution File, Format Version 12.00
# Visual Studio Version 17
VisualStudioVersion = 17.13.35919.96
MinimumVisualStudioVersion = 10.0.40219.1
Project("{FAE04EC0-301F-11D3-BF4B-00C04F79EFBC}") = "P4 - Distributed Fault Tolerance", "P4 - Distributed Fault Tolerance\P4 - Distributed Fault Tolerance.csproj", "{D1088C88-8877-494A-B92C-69445869BF70}"
EndProject
Project("{FAE04EC0-301F-11D3-BF4B-00C04F79EFBC}") = "Authentication Service", "Authentication Service\Authentication Service.csproj", "{54D0A124-5E87-433D-980B-EEBA5BCC6CB6}"
EndProject
Project("{FAE04EC0-301F-11D3-BF4B-00C04F79EFBC}") = "Course Service", "Course Service\Course Service.csproj", "{4AB9CE4A-575C-4E96-8FDA-F978825B46AC}"
EndProject
Project("{FAE04EC0-301F-11D3-BF4B-00C04F79EFBC}") = "Grade Service", "Grade Service\Grade Service.csproj", "{2D750131-F399-4665-854F-3508DA518CF3}"
EndProject
Global
	GlobalSection(SolutionConfigurationPlatforms) = preSolution
		Debug|Any CPU = Debug|Any CPU
		Release|Any CPU = Release|Any CPU
	EndGlobalSection
	GlobalSection(ProjectConfigurationPlatforms) = postSolution
		{D1088C88-8877-494A-B92C-69445869BF70}.Debug|Any CPU.ActiveCfg = Debug|Any CPU
		{D1088C88-8877-494A-B92C-69445869BF70}.Debug|Any CPU.Build.0 = Debug|Any CPU
		{D1088C88-8877-494A-B92C-69445869BF70}.Release|Any CPU.ActiveCfg = Release|Any CPU
		{D1088C88-8877-494A-B92C-69445869BF70}.Release|Any CPU.Build.0 = Release|Any CPU
		{54D0A124-5E87-433D-980B-EEBA5BCC6CB6}.Debug|Any CPU.ActiveCfg = Debug|Any CPU
		{54D0A124-5E87-433D-980B-EEBA5BCC6CB6}.Debug|Any CPU.Build.0 = Debug|Any CPU
		{54D0A124-5E87-433D-980B-EEBA5BCC6CB6}.Release|Any CPU.ActiveCfg = Release|Any CPU
		{54D0A124-5E87-433D-980B-EEBA5BCC6CB6}.Release|Any CPU.Build.0 = Release|Any CPU
		{4AB9CE4A-575C-4E96-8FDA-F978825B46AC}.Debug|Any CPU.ActiveCfg = Debug|Any CPU
		{4AB9CE4A-575C-4E96-8FDA-F978825B46AC}.Debug|Any CPU.Build.0 = Debug|Any CPU
		{4AB9CE4A-575C-4E96-8FDA-F978825B46AC}.Release|Any CPU.ActiveCfg = Release|Any CPU
		{4AB9CE4A-575C-4E96-8FDA-F978825B46AC}.Release|Any CPU.Build.0 = Release|Any CPU
		{2D750131-F399-4665-854F-3508DA518CF3}.Debug|Any CPU.ActiveCfg = Debug|Any CPU
		{2D750131-F399-4665-854F-3508DA518CF3}.Debug|Any CPU.Build.0 = Debug|Any CPU
		{2D750131-F399-4665-854F-3508DA518CF3}.Release|Any CPU.ActiveCfg = Release|Any CPU
		{2D750131-F399-4665-854F-3508DA518CF3}.Release|Any CPU.Build.0 = Release|Any CPU
	EndGlobalSection
	GlobalSection(SolutionProperties) = preSolution
		HideSolutionNode = FALSE
	EndGlobalSection
	GlobalSection(ExtensibilityGlobals) = postSolution
		SolutionGuid = {240ADFE6-5B26-4E9D-ACDB-3B095A324B31}
	EndGlobalSection
EndGlobal
